# Generated by buf. DO NOT EDIT.
version: v1
deps:
  - remote: buf.build
    owner: elide
    repository: elide
    commit: 1092168af4d84098a31f87a11689f7b2
  - remote: buf.build
    owner: elide
    repository: safe-html-types
    commit: 067cdbab3a254649892ff1e9f778e70b
  - remote: buf.build
    owner: googleapis
    repository: googleapis
    commit: cf209eca30404c41a80fec3caba9903f
